// !$*UTF8*$!
{
	archiveVersion = 1;
	classes = {
	};
	objectVersion = 48;
	objects = {

/* Begin PBXBuildFile section */
		EFBC7C5C1F9798DA003593D3 /* Bush01.framework in Frameworks */ = {isa = PBXBuildFile; fileRef = EFBC7C521F9798D9003593D3 /* Bush01.framework */; };
		EFBC7C611F9798DA003593D3 /* Bush01Tests.m in Sources */ = {isa = PBXBuildFile; fileRef = EFBC7C601F9798DA003593D3 /* Bush01Tests.m */; };
		EFBC7C631F9798DA003593D3 /* Bush01.h in Headers */ = {isa = PBXBuildFile; fileRef = EFBC7C551F9798D9003593D3 /* Bush01.h */; settings = {ATTRIBUTES = (Public, ); }; };
		EFBC7C6E1F9798EC003593D3 /* Person.h in Headers */ = {isa = PBXBuildFile; fileRef = EFBC7C6C1F9798EC003593D3 /* Person.h */; settings = {ATTRIBUTES = (Public, ); }; };
		EFBC7C6F1F9798EC003593D3 /* Person.m in Sources */ = {isa = PBXBuildFile; fileRef = EFBC7C6D1F9798EC003593D3 /* Person.m */; };
		EFBC7C721F9798F6003593D3 /* School.h in Headers */ = {isa = PBXBuildFile; fileRef = EFBC7C701F9798F6003593D3 /* School.h */; settings = {ATTRIBUTES = (Public, ); }; };
		EFBC7C731F9798F6003593D3 /* School.m in Sources */ = {isa = PBXBuildFile; fileRef = EFBC7C711F9798F6003593D3 /* School.m */; };
		EFBC7C761F979915003593D3 /* Helper.h in Headers */ = {isa = PBXBuildFile; fileRef = EFBC7C741F979915003593D3 /* Helper.h */; settings = {ATTRIBUTES = (Public, ); }; };
		EFBC7C771F979915003593D3 /* Helper.m in Sources */ = {isa = PBXBuildFile; fileRef = EFBC7C751F979915003593D3 /* Helper.m */; };
/* End PBXBuildFile section */

/* Begin PBXContainerItemProxy section */
		EFBC7C5D1F9798DA003593D3 /* PBXContainerItemProxy */ = {
			isa = PBXContainerItemProxy;
			containerPortal = EFBC7C491F9798D9003593D3 /* Project object */;
			proxyType = 1;
			remoteGlobalIDString = EFBC7C511F9798D9003593D3;
			remoteInfo = Bush01;
		};
/* End PBXContainerItemProxy section */

/* Begin PBXFileReference section */
		EFBC7C521F9798D9003593D3 /* Bush01.framework */ = {isa = PBXFileReference; explicitFileType = wrapper.framework; includeInIndex = 0; path = Bush01.framework; sourceTree = BUILT_PRODUCTS_DIR; };
		EFBC7C551F9798D9003593D3 /* Bush01.h */ = {isa = PBXFileReference; lastKnownFileType = sourcecode.c.h; path = Bush01.h; sourceTree = "<group>"; };
		EFBC7C561F9798D9003593D3 /* Info.plist */ = {isa = PBXFileReference; lastKnownFileType = text.plist.xml; path = Info.plist; sourceTree = "<group>"; };
		EFBC7C5B1F9798DA003593D3 /* Bush01Tests.xctest */ = {isa = PBXFileReference; explicitFileType = wrapper.cfbundle; includeInIndex = 0; path = Bush01Tests.xctest; sourceTree = BUILT_PRODUCTS_DIR; };
		EFBC7C601F9798DA003593D3 /* Bush01Tests.m */ = {isa = PBXFileReference; lastKnownFileType = sourcecode.c.objc; path = Bush01Tests.m; sourceTree = "<group>"; };
		EFBC7C621F9798DA003593D3 /* Info.plist */ = {isa = PBXFileReference; lastKnownFileType = text.plist.xml; path = Info.plist; sourceTree = "<group>"; };
		EFBC7C6C1F9798EC003593D3 /* Person.h */ = {isa = PBXFileReference; lastKnownFileType = sourcecode.c.h; path = Person.h; sourceTree = "<group>"; };
		EFBC7C6D1F9798EC003593D3 /* Person.m */ = {isa = PBXFileReference; lastKnownFileType = sourcecode.c.objc; path = Person.m; sourceTree = "<group>"; };
		EFBC7C701F9798F6003593D3 /* School.h */ = {isa = PBXFileReference; lastKnownFileType = sourcecode.c.h; path = School.h; sourceTree = "<group>"; };
		EFBC7C711F9798F6003593D3 /* School.m */ = {isa = PBXFileReference; lastKnownFileType = sourcecode.c.objc; path = School.m; sourceTree = "<group>"; };
		EFBC7C741F979915003593D3 /* Helper.h */ = {isa = PBXFileReference; lastKnownFileType = sourcecode.c.h; path = Helper.h; sourceTree = "<group>"; };
		EFBC7C751F979915003593D3 /* Helper.m */ = {isa = PBXFileReference; lastKnownFileType = sourcecode.c.objc; path = Helper.m; sourceTree = "<group>"; };
/* End PBXFileReference section */

/* Begin PBXFrameworksBuildPhase section */
		EFBC7C4E1F9798D9003593D3 /* Frameworks */ = {
			isa = PBXFrameworksBuildPhase;
			buildActionMask = 2147483647;
			files = (
			);
			runOnlyForDeploymentPostprocessing = 0;
		};
		EFBC7C581F9798DA003593D3 /* Frameworks */ = {
			isa = PBXFrameworksBuildPhase;
			buildActionMask = 2147483647;
			files = (
				EFBC7C5C1F9798DA003593D3 /* Bush01.framework in Frameworks */,
			);
			runOnlyForDeploymentPostprocessing = 0;
		};
/* End PBXFrameworksBuildPhase section */

/* Begin PBXGroup section */
		EFBC7C481F9798D9003593D3 = {
			isa = PBXGroup;
			children = (
				EFBC7C541F9798D9003593D3 /* Bush01 */,
				EFBC7C5F1F9798DA003593D3 /* Bush01Tests */,
				EFBC7C531F9798D9003593D3 /* Products */,
			);
			sourceTree = "<group>";
		};
		EFBC7C531F9798D9003593D3 /* Products */ = {
			isa = PBXGroup;
			children = (
				EFBC7C521F9798D9003593D3 /* Bush01.framework */,
				EFBC7C5B1F9798DA003593D3 /* Bush01Tests.xctest */,
			);
			name = Products;
			sourceTree = "<group>";
		};
		EFBC7C541F9798D9003593D3 /* Bush01 */ = {
			isa = PBXGroup;
			children = (
				EFBC7C551F9798D9003593D3 /* Bush01.h */,
				EFBC7C6C1F9798EC003593D3 /* Person.h */,
				EFBC7C6D1F9798EC003593D3 /* Person.m */,
				EFBC7C701F9798F6003593D3 /* School.h */,
				EFBC7C711F9798F6003593D3 /* School.m */,
				EFBC7C741F979915003593D3 /* Helper.h */,
				EFBC7C751F979915003593D3 /* Helper.m */,
				EFBC7C561F9798D9003593D3 /* Info.plist */,
			);
			path = Bush01;
			sourceTree = "<group>";
		};
		EFBC7C5F1F9798DA003593D3 /* Bush01Tests */ = {
			isa = PBXGroup;
			children = (
				EFBC7C601F9798DA003593D3 /* Bush01Tests.m */,
				EFBC7C621F9798DA003593D3 /* Info.plist */,
			);
			path = Bush01Tests;
			sourceTree = "<group>";
		};
/* End PBXGroup section */

/* Begin PBXHeadersBuildPhase section */
		EFBC7C4F1F9798D9003593D3 /* Headers */ = {
			isa = PBXHeadersBuildPhase;
			buildActionMask = 2147483647;
			files = (
				EFBC7C631F9798DA003593D3 /* Bush01.h in Headers */,
				EFBC7C721F9798F6003593D3 /* School.h in Headers */,
				EFBC7C761F979915003593D3 /* Helper.h in Headers */,
				EFBC7C6E1F9798EC003593D3 /* Person.h in Headers */,
			);
			runOnlyForDeploymentPostprocessing = 0;
		};
/* End PBXHeadersBuildPhase section */

/* Begin PBXNativeTarget section */
		EFBC7C511F9798D9003593D3 /* Bush01 */ = {
			isa = PBXNativeTarget;
			buildConfigurationList = EFBC7C661F9798DA003593D3 /* Build configuration list for PBXNativeTarget "Bush01" */;
			buildPhases = (
				EFBC7C4D1F9798D9003593D3 /* Sources */,
				EFBC7C4E1F9798D9003593D3 /* Frameworks */,
				EFBC7C4F1F9798D9003593D3 /* Headers */,
				EFBC7C501F9798D9003593D3 /* Resources */,
			);
			buildRules = (
			);
			dependencies = (
			);
			name = Bush01;
			productName = Bush01;
			productReference = EFBC7C521F9798D9003593D3 /* Bush01.framework */;
			productType = "com.apple.product-type.framework";
		};
		EFBC7C5A1F9798DA003593D3 /* Bush01Tests */ = {
			isa = PBXNativeTarget;
			buildConfigurationList = EFBC7C691F9798DA003593D3 /* Build configuration list for PBXNativeTarget "Bush01Tests" */;
			buildPhases = (
				EFBC7C571F9798DA003593D3 /* Sources */,
				EFBC7C581F9798DA003593D3 /* Frameworks */,
				EFBC7C591F9798DA003593D3 /* Resources */,
			);
			buildRules = (
			);
			dependencies = (
				EFBC7C5E1F9798DA003593D3 /* PBXTargetDependency */,
			);
			name = Bush01Tests;
			productName = Bush01Tests;
			productReference = EFBC7C5B1F9798DA003593D3 /* Bush01Tests.xctest */;
			productType = "com.apple.product-type.bundle.unit-test";
		};
/* End PBXNativeTarget section */

/* Begin PBXProject section */
		EFBC7C491F9798D9003593D3 /* Project object */ = {
			isa = PBXProject;
			attributes = {
				LastUpgradeCheck = 0900;
				ORGANIZATIONNAME = Caspar;
				TargetAttributes = {
					EFBC7C511F9798D9003593D3 = {
						CreatedOnToolsVersion = 9.0;
						ProvisioningStyle = Automatic;
					};
					EFBC7C5A1F9798DA003593D3 = {
						CreatedOnToolsVersion = 9.0;
						ProvisioningStyle = Automatic;
					};
				};
			};
			buildConfigurationList = EFBC7C4C1F9798D9003593D3 /* Build configuration list for PBXProject "Bush01" */;
			compatibilityVersion = "Xcode 8.0";
			developmentRegion = en;
			hasScannedForEncodings = 0;
			knownRegions = (
				en,
			);
			mainGroup = EFBC7C481F9798D9003593D3;
			productRefGroup = EFBC7C531F9798D9003593D3 /* Products */;
			projectDirPath = "";
			projectRoot = "";
			targets = (
				EFBC7C511F9798D9003593D3 /* Bush01 */,
				EFBC7C5A1F9798DA003593D3 /* Bush01Tests */,
			);
		};
/* End PBXProject section */

/* Begin PBXResourcesBuildPhase section */
		EFBC7C501F9798D9003593D3 /* Resources */ = {
			isa = PBXResourcesBuildPhase;
			buildActionMask = 2147483647;
			files = (
			);
			runOnlyForDeploymentPostprocessing = 0;
		};
		EFBC7C591F9798DA003593D3 /* Resources */ = {
			isa = PBXResourcesBuildPhase;
			buildActionMask = 2147483647;
			files = (
			);
			runOnlyForDeploymentPostprocessing = 0;
		};
/* End PBXResourcesBuildPhase section */

/* Begin PBXSourcesBuildPhase section */
		EFBC7C4D1F9798D9003593D3 /* Sources */ = {
			isa = PBXSourcesBuildPhase;
			buildActionMask = 2147483647;
			files = (
				EFBC7C6F1F9798EC003593D3 /* Person.m in Sources */,
				EFBC7C771F979915003593D3 /* Helper.m in Sources */,
				EFBC7C731F9798F6003593D3 /* School.m in Sources */,
			);
			runOnlyForDeploymentPostprocessing = 0;
		};
		EFBC7C571F9798DA003593D3 /* Sources */ = {
			isa = PBXSourcesBuildPhase;
			buildActionMask = 2147483647;
			files = (
				EFBC7C611F9798DA003593D3 /* Bush01Tests.m in Sources */,
			);
			runOnlyForDeploymentPostprocessing = 0;
		};
/* End PBXSourcesBuildPhase section */

/* Begin PBXTargetDependency section */
		EFBC7C5E1F9798DA003593D3 /* PBXTargetDependency */ = {
			isa = PBXTargetDependency;
			target = EFBC7C511F9798D9003593D3 /* Bush01 */;
			targetProxy = EFBC7C5D1F9798DA003593D3 /* PBXContainerItemProxy */;
		};
/* End PBXTargetDependency section */

/* Begin XCBuildConfiguration section */
		EFBC7C641F9798DA003593D3 /* Debug */ = {
			isa = XCBuildConfiguration;
			buildSettings = {
				ALWAYS_SEARCH_USER_PATHS = NO;
				CLANG_ANALYZER_NONNULL = YES;
				CLANG_ANALYZER_NUMBER_OBJECT_CONVERSION = YES_AGGRESSIVE;
				CLANG_CXX_LANGUAGE_STANDARD = "gnu++14";
				CLANG_CXX_LIBRARY = "libc++";
				CLANG_ENABLE_MODULES = YES;
				CLANG_ENABLE_OBJC_ARC = YES;
				CLANG_WARN_BLOCK_CAPTURE_AUTORELEASING = YES;
				CLANG_WARN_BOOL_CONVERSION = YES;
				CLANG_WARN_COMMA = YES;
				CLANG_WARN_CONSTANT_CONVERSION = YES;
				CLANG_WARN_DIRECT_OBJC_ISA_USAGE = YES_ERROR;
				CLANG_WARN_DOCUMENTATION_COMMENTS = YES;
				CLANG_WARN_EMPTY_BODY = YES;
				CLANG_WARN_ENUM_CONVERSION = YES;
				CLANG_WARN_INFINITE_RECURSION = YES;
				CLANG_WARN_INT_CONVERSION = YES;
				CLANG_WARN_NON_LITERAL_NULL_CONVERSION = YES;
				CLANG_WARN_OBJC_LITERAL_CONVERSION = YES;
				CLANG_WARN_OBJC_ROOT_CLASS = YES_ERROR;
				CLANG_WARN_RANGE_LOOP_ANALYSIS = YES;
				CLANG_WARN_STRICT_PROTOTYPES = YES;
				CLANG_WARN_SUSPICIOUS_MOVE = YES;
				CLANG_WARN_UNGUARDED_AVAILABILITY = YES_AGGRESSIVE;
				CLANG_WARN_UNREACHABLE_CODE = YES;
				CLANG_WARN__DUPLICATE_METHOD_MATCH = YES;
				CODE_SIGN_IDENTITY = "Mac Developer";
				COPY_PHASE_STRIP = NO;
				CURRENT_PROJECT_VERSION = 1;
				DEBUG_INFORMATION_FORMAT = dwarf;
				ENABLE_STRICT_OBJC_MSGSEND = YES;
				ENABLE_TESTABILITY = YES;
				GCC_C_LANGUAGE_STANDARD = gnu11;
				GCC_DYNAMIC_NO_PIC = NO;
				GCC_NO_COMMON_BLOCKS = YES;
				GCC_OPTIMIZATION_LEVEL = 0;
				GCC_PREPROCESSOR_DEFINITIONS = (
					"DEBUG=1",
					"$(inherited)",
				);
				GCC_WARN_64_TO_32_BIT_CONVERSION = YES;
				GCC_WARN_ABOUT_RETURN_TYPE = YES_ERROR;
				GCC_WARN_UNDECLARED_SELECTOR = YES;
				GCC_WARN_UNINITIALIZED_AUTOS = YES_AGGRESSIVE;
				GCC_WARN_UNUSED_FUNCTION = YES;
				GCC_WARN_UNUSED_VARIABLE = YES;
				IPHONEOS_DEPLOYMENT_TARGET = 9.0;
				MACOSX_DEPLOYMENT_TARGET = 10.12;
				MTL_ENABLE_DEBUG_INFO = YES;
				ONLY_ACTIVE_ARCH = YES;
				SDKROOT = macosx;
				VERSIONING_SYSTEM = "apple-generic";
				VERSION_INFO_PREFIX = "";
			};
			name = Debug;
		};
		EFBC7C651F9798DA003593D3 /* Release */ = {
			isa = XCBuildConfiguration;
			buildSettings = {
				ALWAYS_SEARCH_USER_PATHS = NO;
				CLANG_ANALYZER_NONNULL = YES;
				CLANG_ANALYZER_NUMBER_OBJECT_CONVERSION = YES_AGGRESSIVE;
				CLANG_CXX_LANGUAGE_STANDARD = "gnu++14";
				CLANG_CXX_LIBRARY = "libc++";
				CLANG_ENABLE_MODULES = YES;
				CLANG_ENABLE_OBJC_ARC = YES;
				CLANG_WARN_BLOCK_CAPTURE_AUTORELEASING = YES;
				CLANG_WARN_BOOL_CONVERSION = YES;
				CLANG_WARN_COMMA = YES;
				CLANG_WARN_CONSTANT_CONVERSION = YES;
				CLANG_WARN_DIRECT_OBJC_ISA_USAGE = YES_ERROR;
				CLANG_WARN_DOCUMENTATION_COMMENTS = YES;
				CLANG_WARN_EMPTY_BODY = YES;
				CLANG_WARN_ENUM_CONVERSION = YES;
				CLANG_WARN_INFINITE_RECURSION = YES;
				CLANG_WARN_INT_CONVERSION = YES;
				CLANG_WARN_NON_LITERAL_NULL_CONVERSION = YES;
				CLANG_WARN_OBJC_LITERAL_CONVERSION = YES;
				CLANG_WARN_OBJC_ROOT_CLASS = YES_ERROR;
				CLANG_WARN_RANGE_LOOP_ANALYSIS = YES;
				CLANG_WARN_STRICT_PROTOTYPES = YES;
				CLANG_WARN_SUSPICIOUS_MOVE = YES;
				CLANG_WARN_UNGUARDED_AVAILABILITY = YES_AGGRESSIVE;
				CLANG_WARN_UNREACHABLE_CODE = YES;
				CLANG_WARN__DUPLICATE_METHOD_MATCH = YES;
				CODE_SIGN_IDENTITY = "Mac Developer";
				COPY_PHASE_STRIP = NO;
				CURRENT_PROJECT_VERSION = 1;
				DEBUG_INFORMATION_FORMAT = "dwarf-with-dsym";
				ENABLE_NS_ASSERTIONS = NO;
				ENABLE_STRICT_OBJC_MSGSEND = YES;
				GCC_C_LANGUAGE_STANDARD = gnu11;
				GCC_NO_COMMON_BLOCKS = YES;
				GCC_WARN_64_TO_32_BIT_CONVERSION = YES;
				GCC_WARN_ABOUT_RETURN_TYPE = YES_ERROR;
				GCC_WARN_UNDECLARED_SELECTOR = YES;
				GCC_WARN_UNINITIALIZED_AUTOS = YES_AGGRESSIVE;
				GCC_WARN_UNUSED_FUNCTION = YES;
				GCC_WARN_UNUSED_VARIABLE = YES;
				IPHONEOS_DEPLOYMENT_TARGET = 9.0;
				MACOSX_DEPLOYMENT_TARGET = 10.12;
				MTL_ENABLE_DEBUG_INFO = NO;
				SDKROOT = macosx;
				VERSIONING_SYSTEM = "apple-generic";
				VERSION_INFO_PREFIX = "";
			};
			name = Release;
		};
		EFBC7C671F9798DA003593D3 /* Debug */ = {
			isa = XCBuildConfiguration;
			buildSettings = {
				CODE_SIGN_IDENTITY = "";
				CODE_SIGN_STYLE = Automatic;
				COMBINE_HIDPI_IMAGES = YES;
				DEFINES_MODULE = YES;
				DEVELOPMENT_TEAM = UBX9CH9GDX;
				DYLIB_COMPATIBILITY_VERSION = 1;
				DYLIB_CURRENT_VERSION = 1;
				DYLIB_INSTALL_NAME_BASE = "@rpath";
				FRAMEWORK_VERSION = A;
				INFOPLIST_FILE = Bush01/Info.plist;
				INSTALL_PATH = "$(LOCAL_LIBRARY_DIR)/Frameworks";
				LD_RUNPATH_SEARCH_PATHS = "$(inherited) @executable_path/../Frameworks @loader_path/Frameworks";
				PRODUCT_BUNDLE_IDENTIFIER = com.insta360.Bush01;
				PRODUCT_NAME = "$(TARGET_NAME:c99extidentifier)";
				SDKROOT = iphoneos;
				SKIP_INSTALL = YES;
			};
			name = Debug;
		};
		EFBC7C681F9798DA003593D3 /* Release */ = {
			isa = XCBuildConfiguration;
			buildSettings = {
				CODE_SIGN_IDENTITY = "";
				CODE_SIGN_STYLE = Automatic;
				COMBINE_HIDPI_IMAGES = YES;
				DEFINES_MODULE = YES;
				DEVELOPMENT_TEAM = UBX9CH9GDX;
				DYLIB_COMPATIBILITY_VERSION = 1;
				DYLIB_CURRENT_VERSION = 1;
				DYLIB_INSTALL_NAME_BASE = "@rpath";
				FRAMEWORK_VERSION = A;
				INFOPLIST_FILE = Bush01/Info.plist;
				INSTALL_PATH = "$(LOCAL_LIBRARY_DIR)/Frameworks";
				LD_RUNPATH_SEARCH_PATHS = "$(inherited) @executable_path/../Frameworks @loader_path/Frameworks";
				PRODUCT_BUNDLE_IDENTIFIER = com.insta360.Bush01;
				PRODUCT_NAME = "$(TARGET_NAME:c99extidentifier)";
				SDKROOT = iphoneos;
				SKIP_INSTALL = YES;
			};
			name = Release;
		};
		EFBC7C6A1F9798DA003593D3 /* Debug */ = {
			isa = XCBuildConfiguration;
			buildSettings = {
				CODE_SIGN_STYLE = Automatic;
				COMBINE_HIDPI_IMAGES = YES;
				DEVELOPMENT_TEAM = UBX9CH9GDX;
				INFOPLIST_FILE = Bush01Tests/Info.plist;
				LD_RUNPATH_SEARCH_PATHS = "$(inherited) @executable_path/../Frameworks @loader_path/../Frameworks";
				PRODUCT_BUNDLE_IDENTIFIER = com.insta360.Bush01Tests;
				PRODUCT_NAME = "$(TARGET_NAME)";
			};
			name = Debug;
		};
		EFBC7C6B1F9798DA003593D3 /* Release */ = {
			isa = XCBuildConfiguration;
			buildSettings = {
				CODE_SIGN_STYLE = Automatic;
				COMBINE_HIDPI_IMAGES = YES;
				DEVELOPMENT_TEAM = UBX9CH9GDX;
				INFOPLIST_FILE = Bush01Tests/Info.plist;
				LD_RUNPATH_SEARCH_PATHS = "$(inherited) @executable_path/../Frameworks @loader_path/../Frameworks";
				PRODUCT_BUNDLE_IDENTIFIER = com.insta360.Bush01Tests;
				PRODUCT_NAME = "$(TARGET_NAME)";
			};
			name = Release;
		};
/* End XCBuildConfiguration section */

/* Begin XCConfigurationList section */
		EFBC7C4C1F9798D9003593D3 /* Build configuration list for PBXProject "Bush01" */ = {
			isa = XCConfigurationList;
			buildConfigurations = (
				EFBC7C641F9798DA003593D3 /* Debug */,
				EFBC7C651F9798DA003593D3 /* Release */,
			);
			defaultConfigurationIsVisible = 0;
			defaultConfigurationName = Release;
		};
		EFBC7C661F9798DA003593D3 /* Build configuration list for PBXNativeTarget "Bush01" */ = {
			isa = XCConfigurationList;
			buildConfigurations = (
				EFBC7C671F9798DA003593D3 /* Debug */,
				EFBC7C681F9798DA003593D3 /* Release */,
			);
			defaultConfigurationIsVisible = 0;
			defaultConfigurationName = Release;
		};
		EFBC7C691F9798DA003593D3 /* Build configuration list for PBXNativeTarget "Bush01Tests" */ = {
			isa = XCConfigurationList;
			buildConfigurations = (
				EFBC7C6A1F9798DA003593D3 /* Debug */,
				EFBC7C6B1F9798DA003593D3 /* Release */,
			);
			defaultConfigurationIsVisible = 0;
			defaultConfigurationName = Release;
		};
/* End XCConfigurationList section */
	};
	rootObject = EFBC7C491F9798D9003593D3 /* Project object */;
}
